
Microsoft Visual Studio Solution File, Format Version 12.00
# Visual Studio Version 16
VisualStudioVersion = 16.0.31025.194
MinimumVisualStudioVersion = 10.0.40219.1
Project("{FAE04EC0-301F-11D3-BF4B-00C04F79EFBC}") = "CircularlyLinkedList", "CircularlyLinkedList.csproj", "{AD5CE3C2-2B9A-4FCF-A0FD-08651FFB7E6A}"
EndProject
Global
	GlobalSection(SolutionConfigurationPlatforms) = preSolution
		Debug|Any CPU = Debug|Any CPU
		Release|Any CPU = Release|Any CPU
	EndGlobalSection
	GlobalSection(ProjectConfigurationPlatforms) = postSolution
		{AD5CE3C2-2B9A-4FCF-A0FD-08651FFB7E6A}.Debug|Any CPU.ActiveCfg = Debug|Any CPU
		{AD5CE3C2-2B9A-4FCF-A0FD-08651FFB7E6A}.Debug|Any CPU.Build.0 = Debug|Any CPU
		{AD5CE3C2-2B9A-4FCF-A0FD-08651FFB7E6A}.Release|Any CPU.ActiveCfg = Release|Any CPU
		{AD5CE3C2-2B9A-4FCF-A0FD-08651FFB7E6A}.Release|Any CPU.Build.0 = Release|Any CPU
	EndGlobalSection
	GlobalSection(SolutionProperties) = preSolution
		HideSolutionNode = FALSE
	EndGlobalSection
	GlobalSection(ExtensibilityGlobals) = postSolution
		SolutionGuid = {601ADA3F-25F7-4479-BC1C-6EE08B8DA6FF}
	EndGlobalSection
EndGlobal
